
Microsoft Visual Studio Solution File, Format Version 12.00
# Visual Studio 14
VisualStudioVersion = 14.0.25420.1
MinimumVisualStudioVersion = 10.0.40219.1
Project("{FAE04EC0-301F-11D3-BF4B-00C04F79EFBC}") = "6amTigersMVCWebApp", "6amTigersMVCWebApp\6amTigersMVCWebApp.csproj", "{1E23FA8C-BD80-4AEE-B156-0013611A8144}"
EndProject
Project("{FAE04EC0-301F-11D3-BF4B-00C04F79EFBC}") = "AdoDotnet", "AdoDotnet\AdoDotnet.csproj", "{890D782B-C157-4329-A4A4-B58D67721AAC}"
EndProject
Project("{FAE04EC0-301F-11D3-BF4B-00C04F79EFBC}") = "DatabaseFirstApproach", "DatabaseFirstApproach\DatabaseFirstApproach.csproj", "{7742D163-9E7E-444D-8B16-330842FEE65A}"
EndProject
Project("{FAE04EC0-301F-11D3-BF4B-00C04F79EFBC}") = "CodeFirstApproach", "CodeFirstApproach\CodeFirstApproach.csproj", "{8488A4C4-9F7F-42C9-8F41-E5EBE5BE9615}"
EndProject
Project("{FAE04EC0-301F-11D3-BF4B-00C04F79EFBC}") = "ModelBasedApproach", "ModelBasedApproach\ModelBasedApproach.csproj", "{929DF0B4-B0DE-4A1E-A145-4117F8819F9C}"
EndProject
Project("{FAE04EC0-301F-11D3-BF4B-00C04F79EFBC}") = "DapperExample", "DapperExample\DapperExample.csproj", "{AE7B9EB5-F587-40CF-A890-ACDC6430C56D}"
EndProject
Project("{FAE04EC0-301F-11D3-BF4B-00C04F79EFBC}") = "HandleErrorAttributeExample", "HandleErrorAttributeExample\HandleErrorAttributeExample.csproj", "{FE5CD3A7-272C-40E4-8697-A7057AFC2B94}"
EndProject
Global
	GlobalSection(SolutionConfigurationPlatforms) = preSolution
		Debug|Any CPU = Debug|Any CPU
		Release|Any CPU = Release|Any CPU
	EndGlobalSection
	GlobalSection(ProjectConfigurationPlatforms) = postSolution
		{1E23FA8C-BD80-4AEE-B156-0013611A8144}.Debug|Any CPU.ActiveCfg = Debug|Any CPU
		{1E23FA8C-BD80-4AEE-B156-0013611A8144}.Debug|Any CPU.Build.0 = Debug|Any CPU
		{1E23FA8C-BD80-4AEE-B156-0013611A8144}.Release|Any CPU.ActiveCfg = Release|Any CPU
		{1E23FA8C-BD80-4AEE-B156-0013611A8144}.Release|Any CPU.Build.0 = Release|Any CPU
		{890D782B-C157-4329-A4A4-B58D67721AAC}.Debug|Any CPU.ActiveCfg = Debug|Any CPU
		{890D782B-C157-4329-A4A4-B58D67721AAC}.Debug|Any CPU.Build.0 = Debug|Any CPU
		{890D782B-C157-4329-A4A4-B58D67721AAC}.Release|Any CPU.ActiveCfg = Release|Any CPU
		{890D782B-C157-4329-A4A4-B58D67721AAC}.Release|Any CPU.Build.0 = Release|Any CPU
		{7742D163-9E7E-444D-8B16-330842FEE65A}.Debug|Any CPU.ActiveCfg = Debug|Any CPU
		{7742D163-9E7E-444D-8B16-330842FEE65A}.Debug|Any CPU.Build.0 = Debug|Any CPU
		{7742D163-9E7E-444D-8B16-330842FEE65A}.Release|Any CPU.ActiveCfg = Release|Any CPU
		{7742D163-9E7E-444D-8B16-330842FEE65A}.Release|Any CPU.Build.0 = Release|Any CPU
		{8488A4C4-9F7F-42C9-8F41-E5EBE5BE9615}.Debug|Any CPU.ActiveCfg = Debug|Any CPU
		{8488A4C4-9F7F-42C9-8F41-E5EBE5BE9615}.Debug|Any CPU.Build.0 = Debug|Any CPU
		{8488A4C4-9F7F-42C9-8F41-E5EBE5BE9615}.Release|Any CPU.ActiveCfg = Release|Any CPU
		{8488A4C4-9F7F-42C9-8F41-E5EBE5BE9615}.Release|Any CPU.Build.0 = Release|Any CPU
		{929DF0B4-B0DE-4A1E-A145-4117F8819F9C}.Debug|Any CPU.ActiveCfg = Debug|Any CPU
		{929DF0B4-B0DE-4A1E-A145-4117F8819F9C}.Debug|Any CPU.Build.0 = Debug|Any CPU
		{929DF0B4-B0DE-4A1E-A145-4117F8819F9C}.Release|Any CPU.ActiveCfg = Release|Any CPU
		{929DF0B4-B0DE-4A1E-A145-4117F8819F9C}.Release|Any CPU.Build.0 = Release|Any CPU
		{AE7B9EB5-F587-40CF-A890-ACDC6430C56D}.Debug|Any CPU.ActiveCfg = Debug|Any CPU
		{AE7B9EB5-F587-40CF-A890-ACDC6430C56D}.Debug|Any CPU.Build.0 = Debug|Any CPU
		{AE7B9EB5-F587-40CF-A890-ACDC6430C56D}.Release|Any CPU.ActiveCfg = Release|Any CPU
		{AE7B9EB5-F587-40CF-A890-ACDC6430C56D}.Release|Any CPU.Build.0 = Release|Any CPU
		{FE5CD3A7-272C-40E4-8697-A7057AFC2B94}.Debug|Any CPU.ActiveCfg = Debug|Any CPU
		{FE5CD3A7-272C-40E4-8697-A7057AFC2B94}.Debug|Any CPU.Build.0 = Debug|Any CPU
		{FE5CD3A7-272C-40E4-8697-A7057AFC2B94}.Release|Any CPU.ActiveCfg = Release|Any CPU
		{FE5CD3A7-272C-40E4-8697-A7057AFC2B94}.Release|Any CPU.Build.0 = Release|Any CPU
	EndGlobalSection
	GlobalSection(SolutionProperties) = preSolution
		HideSolutionNode = FALSE
	EndGlobalSection
EndGlobal
